
Microsoft Visual Studio Solution File, Format Version 12.00
Project("{FAE04EC0-301F-11D3-BF4B-00C04F79EFBC}") = "VCSBasics", "VCSBasics\VCSBasics.csproj", "{DD494EA6-0CC6-4BE8-9A87-DCB06D425EFA}"
EndProject
Global
	GlobalSection(SolutionConfigurationPlatforms) = preSolution
		Debug|Any CPU = Debug|Any CPU
		Release|Any CPU = Release|Any CPU
	EndGlobalSection
	GlobalSection(ProjectConfigurationPlatforms) = postSolution
		{DD494EA6-0CC6-4BE8-9A87-DCB06D425EFA}.Debug|Any CPU.ActiveCfg = Debug|Any CPU
		{DD494EA6-0CC6-4BE8-9A87-DCB06D425EFA}.Debug|Any CPU.Build.0 = Debug|Any CPU
		{DD494EA6-0CC6-4BE8-9A87-DCB06D425EFA}.Release|Any CPU.ActiveCfg = Release|Any CPU
		{DD494EA6-0CC6-4BE8-9A87-DCB06D425EFA}.Release|Any CPU.Build.0 = Release|Any CPU
	EndGlobalSection
EndGlobal
